
Microsoft Visual Studio Solution File, Format Version 12.00
# Visual Studio 15
VisualStudioVersion = 15.0.26730.16
MinimumVisualStudioVersion = 10.0.40219.1
Project("{FAE04EC0-301F-11D3-BF4B-00C04F79EFBC}") = "UserMicroService", "UserMicroService\UserMicroService.csproj", "{B286F28C-A90B-4E41-A9CF-A141A0F8E446}"
EndProject
Project("{FAE04EC0-301F-11D3-BF4B-00C04F79EFBC}") = "UserMicroService.Tests", "UserMicroService.Tests\UserMicroService.Tests.csproj", "{0F9E5EFD-C937-47BF-98D0-5E6411A07591}"
EndProject
Global
	GlobalSection(SolutionConfigurationPlatforms) = preSolution
		Debug|Any CPU = Debug|Any CPU
		Release|Any CPU = Release|Any CPU
	EndGlobalSection
	GlobalSection(ProjectConfigurationPlatforms) = postSolution
		{B286F28C-A90B-4E41-A9CF-A141A0F8E446}.Debug|Any CPU.ActiveCfg = Debug|Any CPU
		{B286F28C-A90B-4E41-A9CF-A141A0F8E446}.Debug|Any CPU.Build.0 = Debug|Any CPU
		{B286F28C-A90B-4E41-A9CF-A141A0F8E446}.Release|Any CPU.ActiveCfg = Release|Any CPU
		{B286F28C-A90B-4E41-A9CF-A141A0F8E446}.Release|Any CPU.Build.0 = Release|Any CPU
		{0F9E5EFD-C937-47BF-98D0-5E6411A07591}.Debug|Any CPU.ActiveCfg = Debug|Any CPU
		{0F9E5EFD-C937-47BF-98D0-5E6411A07591}.Debug|Any CPU.Build.0 = Debug|Any CPU
		{0F9E5EFD-C937-47BF-98D0-5E6411A07591}.Release|Any CPU.ActiveCfg = Release|Any CPU
		{0F9E5EFD-C937-47BF-98D0-5E6411A07591}.Release|Any CPU.Build.0 = Release|Any CPU
	EndGlobalSection
	GlobalSection(SolutionProperties) = preSolution
		HideSolutionNode = FALSE
	EndGlobalSection
	GlobalSection(ExtensibilityGlobals) = postSolution
		SolutionGuid = {E945B661-7CAD-42A3-ADBD-3D5F64EA3F46}
	EndGlobalSection
EndGlobal
